github.com/ghodss/yaml v0.0.0-20161207003320-04f313413ffd h1:U3yHrYB7NWH2o3UFzJ1J+TknZqM9QQtF8KVIE6Qzrfs=
github.com/ghodss/yaml v0.0.0-20161207003320-04f313413ffd/go.mod h1:4dBDuWmgqj2HViK6kFavaiC9ZROes6MMH2rRYeMEF04=
github.com/golang/glog v0.0.0-20160126235308-23def4e6c14b h1:VKtxabqXZkF25pY9ekfRL6a582T4P37/31XEstQ5p58=
github.com/golang/glog v0.0.0-20160126235308-23def4e6c14b/go.mod h1:SBH7ygxi8pfUlaOkMMuAQtPIUF8ecWP5IEl/CR7VP2Q=
github.com/juju/errors v0.0.0-20170509134257-8234c829496a h1:n6jduUC2fwEGtIcf+shESW6FdzTbYLEKZ9ihOJRw79A=
github.com/juju/errors v0.0.0-20170509134257-8234c829496a/go.mod h1:W54LbzXuIE0boCoNJfwqpmkKJ1O4TCTZMetAt6jGk7Q=
github.com/kylelemons/godebug v0.0.0-20170224010052-a616ab194758 h1:0D5M2HQSGD3PYPwICLl+/9oulQauOuETfgFvhBDffs0=
github.com/kylelemons/godebug v0.0.0-20170224010052-a616ab194758/go.mod h1:B69LEHPfb2qLo0BaaOLcbitczOKLWTsrBG9LczfCD4k=
gopkg.in/yaml.v2 v2.0.0-20170407172122-cd8b52f8269e h1:o/mfNjxpTLivuKEfxzzwrJ8PmulH2wEp7t713uMwKAA=
gopkg.in/yaml.v2 v2.0.0-20170407172122-cd8b52f8269e/go.mod h1:JAlM8MvJe8wmxCU4Bli9HhUf9+ttbYbLASfIpnQbh74=
k8s.io/apimachinery v0.0.0-20170729134451-dc1f89aff9a7 h1:jabvvoWE2JZLqGOhPQTvxOMe1qR3PbqnZHU9qrrEPU0=
k8s.io/apimachinery v0.0.0-20170729134451-dc1f89aff9a7/go.mod h1:ccL7Eh7zubPUSh9A3USN90/OzHNSVN6zxzde07TDCL0=
